
Microsoft Visual Studio Solution File, Format Version 12.00
# Visual Studio Version 17
VisualStudioVersion = 17.13.35825.156 d17.13
MinimumVisualStudioVersion = 10.0.40219.1
Project("{FAE04EC0-301F-11D3-BF4B-00C04F79EFBC}") = "NexusChat", "NexusChat.csproj", "{D80BE07E-479E-4109-A18A-0A7286B87FB7}"
EndProject
Global
	GlobalSection(SolutionConfigurationPlatforms) = preSolution
		Debug|Any CPU = Debug|Any CPU
		Release|Any CPU = Release|Any CPU
	EndGlobalSection
	GlobalSection(ProjectConfigurationPlatforms) = postSolution
		{D80BE07E-479E-4109-A18A-0A7286B87FB7}.Debug|Any CPU.ActiveCfg = Debug|Any CPU
		{D80BE07E-479E-4109-A18A-0A7286B87FB7}.Debug|Any CPU.Build.0 = Debug|Any CPU
		{D80BE07E-479E-4109-A18A-0A7286B87FB7}.Release|Any CPU.ActiveCfg = Release|Any CPU
		{D80BE07E-479E-4109-A18A-0A7286B87FB7}.Release|Any CPU.Build.0 = Release|Any CPU
	EndGlobalSection
	GlobalSection(SolutionProperties) = preSolution
		HideSolutionNode = FALSE
	EndGlobalSection
	GlobalSection(ExtensibilityGlobals) = postSolution
		SolutionGuid = {28EC2951-EF73-4F0B-9F6E-005983A7736A}
	EndGlobalSection
EndGlobal
